
Microsoft Visual Studio Solution File, Format Version 12.00
# Visual Studio 14
VisualStudioVersion = 14.0.24720.0
MinimumVisualStudioVersion = 10.0.40219.1
Project("{FAE04EC0-301F-11D3-BF4B-00C04F79EFBC}") = "RyanAmaral-PROG2200-Assignment2And3", "RyanAmaral-PROG2200-Assignment2\RyanAmaral-PROG2200-Assignment2And3.csproj", "{35C3DC3C-A106-4007-A35D-943B1CDFF6C3}"
EndProject
Project("{FAE04EC0-301F-11D3-BF4B-00C04F79EFBC}") = "ChatLib", "ChatLib\ChatLib.csproj", "{70149D79-A47D-41E0-A81F-3B0985D0055E}"
EndProject
Project("{FAE04EC0-301F-11D3-BF4B-00C04F79EFBC}") = "LogLib", "LogLib\LogLib.csproj", "{39E6281E-EA37-4061-A082-89C52F7C14FD}"
EndProject
Global
	GlobalSection(SolutionConfigurationPlatforms) = preSolution
		Debug|Any CPU = Debug|Any CPU
		Release|Any CPU = Release|Any CPU
	EndGlobalSection
	GlobalSection(ProjectConfigurationPlatforms) = postSolution
		{35C3DC3C-A106-4007-A35D-943B1CDFF6C3}.Debug|Any CPU.ActiveCfg = Debug|Any CPU
		{35C3DC3C-A106-4007-A35D-943B1CDFF6C3}.Debug|Any CPU.Build.0 = Debug|Any CPU
		{35C3DC3C-A106-4007-A35D-943B1CDFF6C3}.Release|Any CPU.ActiveCfg = Release|Any CPU
		{35C3DC3C-A106-4007-A35D-943B1CDFF6C3}.Release|Any CPU.Build.0 = Release|Any CPU
		{70149D79-A47D-41E0-A81F-3B0985D0055E}.Debug|Any CPU.ActiveCfg = Debug|Any CPU
		{70149D79-A47D-41E0-A81F-3B0985D0055E}.Debug|Any CPU.Build.0 = Debug|Any CPU
		{70149D79-A47D-41E0-A81F-3B0985D0055E}.Release|Any CPU.ActiveCfg = Release|Any CPU
		{70149D79-A47D-41E0-A81F-3B0985D0055E}.Release|Any CPU.Build.0 = Release|Any CPU
		{39E6281E-EA37-4061-A082-89C52F7C14FD}.Debug|Any CPU.ActiveCfg = Debug|Any CPU
		{39E6281E-EA37-4061-A082-89C52F7C14FD}.Debug|Any CPU.Build.0 = Debug|Any CPU
		{39E6281E-EA37-4061-A082-89C52F7C14FD}.Release|Any CPU.ActiveCfg = Release|Any CPU
		{39E6281E-EA37-4061-A082-89C52F7C14FD}.Release|Any CPU.Build.0 = Release|Any CPU
	EndGlobalSection
	GlobalSection(SolutionProperties) = preSolution
		HideSolutionNode = FALSE
	EndGlobalSection
EndGlobal
